// !$*UTF8*$!
{
	archiveVersion = 1;
	classes = {
	};
	objectVersion = 55;
	objects = {

/* Begin PBXBuildFile section */
		8700492C666FD644D1F36DEB /* Pods_WeatherAccu.framework in Frameworks */ = {isa = PBXBuildFile; fileRef = 320C6A4F80EA3F4D8E934770 /* Pods_WeatherAccu.framework */; };
		DC10B7A82876E5B5006C5A03 /* LocationManager.swift in Sources */ = {isa = PBXBuildFile; fileRef = DC10B7A72876E5B5006C5A03 /* LocationManager.swift */; };
		DC10B7AE2876EEA9006C5A03 /* HomeViewController.swift in Sources */ = {isa = PBXBuildFile; fileRef = DC10B7AD2876EEA9006C5A03 /* HomeViewController.swift */; };
		DC10B7B12876EF10006C5A03 /* StoryboardInstantiable.swift in Sources */ = {isa = PBXBuildFile; fileRef = DC10B7B02876EF10006C5A03 /* StoryboardInstantiable.swift */; };
		DC10B7B52876F347006C5A03 /* WeatherHomeView.swift in Sources */ = {isa = PBXBuildFile; fileRef = DC10B7B42876F347006C5A03 /* WeatherHomeView.swift */; };
		DC10B7B72876F3E3006C5A03 /* WeatherVC.swift in Sources */ = {isa = PBXBuildFile; fileRef = DC10B7B62876F3E3006C5A03 /* WeatherVC.swift */; };
		DC10B7B92876FC13006C5A03 /* WeatherHomeViewModel.swift in Sources */ = {isa = PBXBuildFile; fileRef = DC10B7B82876FC13006C5A03 /* WeatherHomeViewModel.swift */; };
		DC10B7BB2876FDF5006C5A03 /* HomeModels.swift in Sources */ = {isa = PBXBuildFile; fileRef = DC10B7BA2876FDF5006C5A03 /* HomeModels.swift */; };
		DC10B7BD28770097006C5A03 /* WeatherManager.swift in Sources */ = {isa = PBXBuildFile; fileRef = DC10B7BC28770097006C5A03 /* WeatherManager.swift */; };
		DC10B7BF28771F7C006C5A03 /* CustomLoadingView.swift in Sources */ = {isa = PBXBuildFile; fileRef = DC10B7BE28771F7C006C5A03 /* CustomLoadingView.swift */; };
		DC10B7C228772305006C5A03 /* Double.swift in Sources */ = {isa = PBXBuildFile; fileRef = DC10B7C128772305006C5A03 /* Double.swift */; };
		DC10B7C428773B37006C5A03 /* AsyncImage.swift in Sources */ = {isa = PBXBuildFile; fileRef = DC10B7C328773B37006C5A03 /* AsyncImage.swift */; };
		DC10B7C628776812006C5A03 /* UserDefaults.swift in Sources */ = {isa = PBXBuildFile; fileRef = DC10B7C528776812006C5A03 /* UserDefaults.swift */; };
		DC10B7C828776B4B006C5A03 /* StorageDefaults.swift in Sources */ = {isa = PBXBuildFile; fileRef = DC10B7C728776B4B006C5A03 /* StorageDefaults.swift */; };
		DC10B7CA28776DF9006C5A03 /* Color.swift in Sources */ = {isa = PBXBuildFile; fileRef = DC10B7C928776DF9006C5A03 /* Color.swift */; };
		DC8A186E2876D33400009640 /* AppDelegate.swift in Sources */ = {isa = PBXBuildFile; fileRef = DC8A186D2876D33400009640 /* AppDelegate.swift */; };
		DC8A18752876D33400009640 /* Main.storyboard in Resources */ = {isa = PBXBuildFile; fileRef = DC8A18732876D33400009640 /* Main.storyboard */; };
		DC8A18772876D33A00009640 /* Assets.xcassets in Resources */ = {isa = PBXBuildFile; fileRef = DC8A18762876D33A00009640 /* Assets.xcassets */; };
		DC8A187A2876D33A00009640 /* LaunchScreen.storyboard in Resources */ = {isa = PBXBuildFile; fileRef = DC8A18782876D33A00009640 /* LaunchScreen.storyboard */; };
		DC8A18832876DAA300009640 /* HostingVC.swift in Sources */ = {isa = PBXBuildFile; fileRef = DC8A18822876DAA300009640 /* HostingVC.swift */; };
/* End PBXBuildFile section */

/* Begin PBXFileReference section */
		016AA7D280A49E08E438C7E8 /* Pods-WeatherAccu.release.xcconfig */ = {isa = PBXFileReference; includeInIndex = 1; lastKnownFileType = text.xcconfig; name = "Pods-WeatherAccu.release.xcconfig"; path = "Target Support Files/Pods-WeatherAccu/Pods-WeatherAccu.release.xcconfig"; sourceTree = "<group>"; };
		320C6A4F80EA3F4D8E934770 /* Pods_WeatherAccu.framework */ = {isa = PBXFileReference; explicitFileType = wrapper.framework; includeInIndex = 0; path = Pods_WeatherAccu.framework; sourceTree = BUILT_PRODUCTS_DIR; };
		4C84D0D88EAC3843D78B6AE9 /* Pods-WeatherAccu.debug.xcconfig */ = {isa = PBXFileReference; includeInIndex = 1; lastKnownFileType = text.xcconfig; name = "Pods-WeatherAccu.debug.xcconfig"; path = "Target Support Files/Pods-WeatherAccu/Pods-WeatherAccu.debug.xcconfig"; sourceTree = "<group>"; };
		DC10B7A72876E5B5006C5A03 /* LocationManager.swift */ = {isa = PBXFileReference; lastKnownFileType = sourcecode.swift; path = LocationManager.swift; sourceTree = "<group>"; };
		DC10B7AD2876EEA9006C5A03 /* HomeViewController.swift */ = {isa = PBXFileReference; lastKnownFileType = sourcecode.swift; path = HomeViewController.swift; sourceTree = "<group>"; };
		DC10B7B02876EF10006C5A03 /* StoryboardInstantiable.swift */ = {isa = PBXFileReference; lastKnownFileType = sourcecode.swift; path = StoryboardInstantiable.swift; sourceTree = "<group>"; };
		DC10B7B42876F347006C5A03 /* WeatherHomeView.swift */ = {isa = PBXFileReference; lastKnownFileType = sourcecode.swift; path = WeatherHomeView.swift; sourceTree = "<group>"; };
		DC10B7B62876F3E3006C5A03 /* WeatherVC.swift */ = {isa = PBXFileReference; lastKnownFileType = sourcecode.swift; path = WeatherVC.swift; sourceTree = "<group>"; };
		DC10B7B82876FC13006C5A03 /* WeatherHomeViewModel.swift */ = {isa = PBXFileReference; lastKnownFileType = sourcecode.swift; path = WeatherHomeViewModel.swift; sourceTree = "<group>"; };
		DC10B7BA2876FDF5006C5A03 /* HomeModels.swift */ = {isa = PBXFileReference; lastKnownFileType = sourcecode.swift; path = HomeModels.swift; sourceTree = "<group>"; };
		DC10B7BC28770097006C5A03 /* WeatherManager.swift */ = {isa = PBXFileReference; lastKnownFileType = sourcecode.swift; path = WeatherManager.swift; sourceTree = "<group>"; };
		DC10B7BE28771F7C006C5A03 /* CustomLoadingView.swift */ = {isa = PBXFileReference; lastKnownFileType = sourcecode.swift; path = CustomLoadingView.swift; sourceTree = "<group>"; };
		DC10B7C128772305006C5A03 /* Double.swift */ = {isa = PBXFileReference; lastKnownFileType = sourcecode.swift; path = Double.swift; sourceTree = "<group>"; };
		DC10B7C328773B37006C5A03 /* AsyncImage.swift */ = {isa = PBXFileReference; lastKnownFileType = sourcecode.swift; path = AsyncImage.swift; sourceTree = "<group>"; };
		DC10B7C528776812006C5A03 /* UserDefaults.swift */ = {isa = PBXFileReference; lastKnownFileType = sourcecode.swift; path = UserDefaults.swift; sourceTree = "<group>"; };
		DC10B7C728776B4B006C5A03 /* StorageDefaults.swift */ = {isa = PBXFileReference; lastKnownFileType = sourcecode.swift; path = StorageDefaults.swift; sourceTree = "<group>"; };
		DC10B7C928776DF9006C5A03 /* Color.swift */ = {isa = PBXFileReference; lastKnownFileType = sourcecode.swift; path = Color.swift; sourceTree = "<group>"; };
		DC8A186A2876D33400009640 /* WeatherAccu.app */ = {isa = PBXFileReference; explicitFileType = wrapper.application; includeInIndex = 0; path = WeatherAccu.app; sourceTree = BUILT_PRODUCTS_DIR; };
		DC8A186D2876D33400009640 /* AppDelegate.swift */ = {isa = PBXFileReference; lastKnownFileType = sourcecode.swift; path = AppDelegate.swift; sourceTree = "<group>"; };
		DC8A18742876D33400009640 /* Base */ = {isa = PBXFileReference; lastKnownFileType = file.storyboard; name = Base; path = Base.lproj/Main.storyboard; sourceTree = "<group>"; };
		DC8A18762876D33A00009640 /* Assets.xcassets */ = {isa = PBXFileReference; lastKnownFileType = folder.assetcatalog; path = Assets.xcassets; sourceTree = "<group>"; };
		DC8A18792876D33A00009640 /* Base */ = {isa = PBXFileReference; lastKnownFileType = file.storyboard; name = Base; path = Base.lproj/LaunchScreen.storyboard; sourceTree = "<group>"; };
		DC8A187B2876D33A00009640 /* Info.plist */ = {isa = PBXFileReference; lastKnownFileType = text.plist.xml; path = Info.plist; sourceTree = "<group>"; };
		DC8A18822876DAA300009640 /* HostingVC.swift */ = {isa = PBXFileReference; lastKnownFileType = sourcecode.swift; path = HostingVC.swift; sourceTree = "<group>"; };
/* End PBXFileReference section */

/* Begin PBXFrameworksBuildPhase section */
		DC8A18672876D33400009640 /* Frameworks */ = {
			isa = PBXFrameworksBuildPhase;
			buildActionMask = 2147483647;
			files = (
				8700492C666FD644D1F36DEB /* Pods_WeatherAccu.framework in Frameworks */,
			);
			runOnlyForDeploymentPostprocessing = 0;
		};
/* End PBXFrameworksBuildPhase section */

/* Begin PBXGroup section */
		469EFA857B777BE97079AECB /* Pods */ = {
			isa = PBXGroup;
			children = (
				4C84D0D88EAC3843D78B6AE9 /* Pods-WeatherAccu.debug.xcconfig */,
				016AA7D280A49E08E438C7E8 /* Pods-WeatherAccu.release.xcconfig */,
			);
			path = Pods;
			sourceTree = "<group>";
		};
		DC10B7A62876E5A6006C5A03 /* Managers */ = {
			isa = PBXGroup;
			children = (
				DC10B7A72876E5B5006C5A03 /* LocationManager.swift */,
				DC10B7BC28770097006C5A03 /* WeatherManager.swift */,
				DC10B7C728776B4B006C5A03 /* StorageDefaults.swift */,
			);
			path = Managers;
			sourceTree = "<group>";
		};
		DC10B7A92876EE66006C5A03 /* Home */ = {
			isa = PBXGroup;
			children = (
				DC10B7AC2876EE86006C5A03 /* Model */,
				DC10B7AB2876EE7D006C5A03 /* ViewModel */,
				DC10B7AA2876EE6F006C5A03 /* View */,
				DC10B7B62876F3E3006C5A03 /* WeatherVC.swift */,
			);
			path = Home;
			sourceTree = "<group>";
		};
		DC10B7AA2876EE6F006C5A03 /* View */ = {
			isa = PBXGroup;
			children = (
				DC10B7B42876F347006C5A03 /* WeatherHomeView.swift */,
			);
			path = View;
			sourceTree = "<group>";
		};
		DC10B7AB2876EE7D006C5A03 /* ViewModel */ = {
			isa = PBXGroup;
			children = (
				DC10B7B82876FC13006C5A03 /* WeatherHomeViewModel.swift */,
			);
			path = ViewModel;
			sourceTree = "<group>";
		};
		DC10B7AC2876EE86006C5A03 /* Model */ = {
			isa = PBXGroup;
			children = (
				DC10B7BA2876FDF5006C5A03 /* HomeModels.swift */,
			);
			path = Model;
			sourceTree = "<group>";
		};
		DC10B7AF2876EEFA006C5A03 /* Protocols */ = {
			isa = PBXGroup;
			children = (
				DC10B7B02876EF10006C5A03 /* StoryboardInstantiable.swift */,
			);
			path = Protocols;
			sourceTree = "<group>";
		};
		DC10B7B32876EF40006C5A03 /* Main */ = {
			isa = PBXGroup;
			children = (
				DC10B7AD2876EEA9006C5A03 /* HomeViewController.swift */,
				DC10B7A92876EE66006C5A03 /* Home */,
			);
			path = Main;
			sourceTree = "<group>";
		};
		DC10B7C0287722F8006C5A03 /* Extensions */ = {
			isa = PBXGroup;
			children = (
				DC10B7C128772305006C5A03 /* Double.swift */,
				DC10B7C528776812006C5A03 /* UserDefaults.swift */,
				DC10B7C928776DF9006C5A03 /* Color.swift */,
			);
			path = Extensions;
			sourceTree = "<group>";
		};
		DC8A18612876D33300009640 = {
			isa = PBXGroup;
			children = (
				DC8A186C2876D33400009640 /* WeatherAccu */,
				DC8A186B2876D33400009640 /* Products */,
				469EFA857B777BE97079AECB /* Pods */,
				F174198E7157989A9D05BE03 /* Frameworks */,
			);
			sourceTree = "<group>";
		};
		DC8A186B2876D33400009640 /* Products */ = {
			isa = PBXGroup;
			children = (
				DC8A186A2876D33400009640 /* WeatherAccu.app */,
			);
			name = Products;
			sourceTree = "<group>";
		};
		DC8A186C2876D33400009640 /* WeatherAccu */ = {
			isa = PBXGroup;
			children = (
				DC10B7C0287722F8006C5A03 /* Extensions */,
				DC10B7B32876EF40006C5A03 /* Main */,
				DC10B7AF2876EEFA006C5A03 /* Protocols */,
				DC10B7A62876E5A6006C5A03 /* Managers */,
				DC8A18812876DA9100009640 /* Components */,
				DC8A186D2876D33400009640 /* AppDelegate.swift */,
				DC8A18732876D33400009640 /* Main.storyboard */,
				DC8A18762876D33A00009640 /* Assets.xcassets */,
				DC8A18782876D33A00009640 /* LaunchScreen.storyboard */,
				DC8A187B2876D33A00009640 /* Info.plist */,
			);
			path = WeatherAccu;
			sourceTree = "<group>";
		};
		DC8A18812876DA9100009640 /* Components */ = {
			isa = PBXGroup;
			children = (
				DC8A18822876DAA300009640 /* HostingVC.swift */,
				DC10B7BE28771F7C006C5A03 /* CustomLoadingView.swift */,
				DC10B7C328773B37006C5A03 /* AsyncImage.swift */,
			);
			path = Components;
			sourceTree = "<group>";
		};
		F174198E7157989A9D05BE03 /* Frameworks */ = {
			isa = PBXGroup;
			children = (
				320C6A4F80EA3F4D8E934770 /* Pods_WeatherAccu.framework */,
			);
			name = Frameworks;
			sourceTree = "<group>";
		};
/* End PBXGroup section */

/* Begin PBXNativeTarget section */
		DC8A18692876D33400009640 /* WeatherAccu */ = {
			isa = PBXNativeTarget;
			buildConfigurationList = DC8A187E2876D33A00009640 /* Build configuration list for PBXNativeTarget "WeatherAccu" */;
			buildPhases = (
				D9B680FA678DDF38E5776D75 /* [CP] Check Pods Manifest.lock */,
				DC8A18662876D33400009640 /* Sources */,
				DC8A18672876D33400009640 /* Frameworks */,
				DC8A18682876D33400009640 /* Resources */,
				B5C1CBCB1DC9C8B4FA1CF8AD /* [CP] Embed Pods Frameworks */,
			);
			buildRules = (
			);
			dependencies = (
			);
			name = WeatherAccu;
			productName = WeatherAccu;
			productReference = DC8A186A2876D33400009640 /* WeatherAccu.app */;
			productType = "com.apple.product-type.application";
		};
/* End PBXNativeTarget section */

/* Begin PBXProject section */
		DC8A18622876D33400009640 /* Project object */ = {
			isa = PBXProject;
			attributes = {
				BuildIndependentTargetsInParallel = 1;
				LastSwiftUpdateCheck = 1340;
				LastUpgradeCheck = 1340;
				TargetAttributes = {
					DC8A18692876D33400009640 = {
						CreatedOnToolsVersion = 13.4.1;
					};
				};
			};
			buildConfigurationList = DC8A18652876D33400009640 /* Build configuration list for PBXProject "WeatherAccu" */;
			compatibilityVersion = "Xcode 13.0";
			developmentRegion = en;
			hasScannedForEncodings = 0;
			knownRegions = (
				en,
				Base,
			);
			mainGroup = DC8A18612876D33300009640;
			productRefGroup = DC8A186B2876D33400009640 /* Products */;
			projectDirPath = "";
			projectRoot = "";
			targets = (
				DC8A18692876D33400009640 /* WeatherAccu */,
			);
		};
/* End PBXProject section */

/* Begin PBXResourcesBuildPhase section */
		DC8A18682876D33400009640 /* Resources */ = {
			isa = PBXResourcesBuildPhase;
			buildActionMask = 2147483647;
			files = (
				DC8A187A2876D33A00009640 /* LaunchScreen.storyboard in Resources */,
				DC8A18772876D33A00009640 /* Assets.xcassets in Resources */,
				DC8A18752876D33400009640 /* Main.storyboard in Resources */,
			);
			runOnlyForDeploymentPostprocessing = 0;
		};
/* End PBXResourcesBuildPhase section */

/* Begin PBXShellScriptBuildPhase section */
		B5C1CBCB1DC9C8B4FA1CF8AD /* [CP] Embed Pods Frameworks */ = {
			isa = PBXShellScriptBuildPhase;
			buildActionMask = 2147483647;
			files = (
			);
			inputFileListPaths = (
				"${PODS_ROOT}/Target Support Files/Pods-WeatherAccu/Pods-WeatherAccu-frameworks-${CONFIGURATION}-input-files.xcfilelist",
			);
			name = "[CP] Embed Pods Frameworks";
			outputFileListPaths = (
				"${PODS_ROOT}/Target Support Files/Pods-WeatherAccu/Pods-WeatherAccu-frameworks-${CONFIGURATION}-output-files.xcfilelist",
			);
			runOnlyForDeploymentPostprocessing = 0;
			shellPath = /bin/sh;
			shellScript = "\"${PODS_ROOT}/Target Support Files/Pods-WeatherAccu/Pods-WeatherAccu-frameworks.sh\"\n";
			showEnvVarsInLog = 0;
		};
		D9B680FA678DDF38E5776D75 /* [CP] Check Pods Manifest.lock */ = {
			isa = PBXShellScriptBuildPhase;
			buildActionMask = 2147483647;
			files = (
			);
			inputFileListPaths = (
			);
			inputPaths = (
				"${PODS_PODFILE_DIR_PATH}/Podfile.lock",
				"${PODS_ROOT}/Manifest.lock",
			);
			name = "[CP] Check Pods Manifest.lock";
			outputFileListPaths = (
			);
			outputPaths = (
				"$(DERIVED_FILE_DIR)/Pods-WeatherAccu-checkManifestLockResult.txt",
			);
			runOnlyForDeploymentPostprocessing = 0;
			shellPath = /bin/sh;
			shellScript = "diff \"${PODS_PODFILE_DIR_PATH}/Podfile.lock\" \"${PODS_ROOT}/Manifest.lock\" > /dev/null\nif [ $? != 0 ] ; then\n    # print error to STDERR\n    echo \"error: The sandbox is not in sync with the Podfile.lock. Run 'pod install' or update your CocoaPods installation.\" >&2\n    exit 1\nfi\n# This output is used by Xcode 'outputs' to avoid re-running this script phase.\necho \"SUCCESS\" > \"${SCRIPT_OUTPUT_FILE_0}\"\n";
			showEnvVarsInLog = 0;
		};
/* End PBXShellScriptBuildPhase section */

/* Begin PBXSourcesBuildPhase section */
		DC8A18662876D33400009640 /* Sources */ = {
			isa = PBXSourcesBuildPhase;
			buildActionMask = 2147483647;
			files = (
				DC10B7B52876F347006C5A03 /* WeatherHomeView.swift in Sources */,
				DC10B7B72876F3E3006C5A03 /* WeatherVC.swift in Sources */,
				DC10B7BD28770097006C5A03 /* WeatherManager.swift in Sources */,
				DC10B7C828776B4B006C5A03 /* StorageDefaults.swift in Sources */,
				DC10B7BF28771F7C006C5A03 /* CustomLoadingView.swift in Sources */,
				DC10B7CA28776DF9006C5A03 /* Color.swift in Sources */,
				DC10B7B92876FC13006C5A03 /* WeatherHomeViewModel.swift in Sources */,
				DC10B7AE2876EEA9006C5A03 /* HomeViewController.swift in Sources */,
				DC8A186E2876D33400009640 /* AppDelegate.swift in Sources */,
				DC10B7A82876E5B5006C5A03 /* LocationManager.swift in Sources */,
				DC10B7B12876EF10006C5A03 /* StoryboardInstantiable.swift in Sources */,
				DC8A18832876DAA300009640 /* HostingVC.swift in Sources */,
				DC10B7C228772305006C5A03 /* Double.swift in Sources */,
				DC10B7C428773B37006C5A03 /* AsyncImage.swift in Sources */,
				DC10B7C628776812006C5A03 /* UserDefaults.swift in Sources */,
				DC10B7BB2876FDF5006C5A03 /* HomeModels.swift in Sources */,
			);
			runOnlyForDeploymentPostprocessing = 0;
		};
/* End PBXSourcesBuildPhase section */

/* Begin PBXVariantGroup section */
		DC8A18732876D33400009640 /* Main.storyboard */ = {
			isa = PBXVariantGroup;
			children = (
				DC8A18742876D33400009640 /* Base */,
			);
			name = Main.storyboard;
			sourceTree = "<group>";
		};
		DC8A18782876D33A00009640 /* LaunchScreen.storyboard */ = {
			isa = PBXVariantGroup;
			children = (
				DC8A18792876D33A00009640 /* Base */,
			);
			name = LaunchScreen.storyboard;
			sourceTree = "<group>";
		};
/* End PBXVariantGroup section */

/* Begin XCBuildConfiguration section */
		DC8A187C2876D33A00009640 /* Debug */ = {
			isa = XCBuildConfiguration;
			buildSettings = {
				ALWAYS_SEARCH_USER_PATHS = NO;
				CLANG_ANALYZER_NONNULL = YES;
				CLANG_ANALYZER_NUMBER_OBJECT_CONVERSION = YES_AGGRESSIVE;
				CLANG_CXX_LANGUAGE_STANDARD = "gnu++17";
				CLANG_ENABLE_MODULES = YES;
				CLANG_ENABLE_OBJC_ARC = YES;
				CLANG_ENABLE_OBJC_WEAK = YES;
				CLANG_WARN_BLOCK_CAPTURE_AUTORELEASING = YES;
				CLANG_WARN_BOOL_CONVERSION = YES;
				CLANG_WARN_COMMA = YES;
				CLANG_WARN_CONSTANT_CONVERSION = YES;
				CLANG_WARN_DEPRECATED_OBJC_IMPLEMENTATIONS = YES;
				CLANG_WARN_DIRECT_OBJC_ISA_USAGE = YES_ERROR;
				CLANG_WARN_DOCUMENTATION_COMMENTS = YES;
				CLANG_WARN_EMPTY_BODY = YES;
				CLANG_WARN_ENUM_CONVERSION = YES;
				CLANG_WARN_INFINITE_RECURSION = YES;
				CLANG_WARN_INT_CONVERSION = YES;
				CLANG_WARN_NON_LITERAL_NULL_CONVERSION = YES;
				CLANG_WARN_OBJC_IMPLICIT_RETAIN_SELF = YES;
				CLANG_WARN_OBJC_LITERAL_CONVERSION = YES;
				CLANG_WARN_OBJC_ROOT_CLASS = YES_ERROR;
				CLANG_WARN_QUOTED_INCLUDE_IN_FRAMEWORK_HEADER = YES;
				CLANG_WARN_RANGE_LOOP_ANALYSIS = YES;
				CLANG_WARN_STRICT_PROTOTYPES = YES;
				CLANG_WARN_SUSPICIOUS_MOVE = YES;
				CLANG_WARN_UNGUARDED_AVAILABILITY = YES_AGGRESSIVE;
				CLANG_WARN_UNREACHABLE_CODE = YES;
				CLANG_WARN__DUPLICATE_METHOD_MATCH = YES;
				COPY_PHASE_STRIP = NO;
				DEBUG_INFORMATION_FORMAT = dwarf;
				ENABLE_STRICT_OBJC_MSGSEND = YES;
				ENABLE_TESTABILITY = YES;
				GCC_C_LANGUAGE_STANDARD = gnu11;
				GCC_DYNAMIC_NO_PIC = NO;
				GCC_NO_COMMON_BLOCKS = YES;
				GCC_OPTIMIZATION_LEVEL = 0;
				GCC_PREPROCESSOR_DEFINITIONS = (
					"DEBUG=1",
					"$(inherited)",
				);
				GCC_WARN_64_TO_32_BIT_CONVERSION = YES;
				GCC_WARN_ABOUT_RETURN_TYPE = YES_ERROR;
				GCC_WARN_UNDECLARED_SELECTOR = YES;
				GCC_WARN_UNINITIALIZED_AUTOS = YES_AGGRESSIVE;
				GCC_WARN_UNUSED_FUNCTION = YES;
				GCC_WARN_UNUSED_VARIABLE = YES;
				IPHONEOS_DEPLOYMENT_TARGET = 15.5;
				MTL_ENABLE_DEBUG_INFO = INCLUDE_SOURCE;
				MTL_FAST_MATH = YES;
				ONLY_ACTIVE_ARCH = YES;
				SDKROOT = iphoneos;
				SWIFT_ACTIVE_COMPILATION_CONDITIONS = DEBUG;
				SWIFT_OPTIMIZATION_LEVEL = "-Onone";
			};
			name = Debug;
		};
		DC8A187D2876D33A00009640 /* Release */ = {
			isa = XCBuildConfiguration;
			buildSettings = {
				ALWAYS_SEARCH_USER_PATHS = NO;
				CLANG_ANALYZER_NONNULL = YES;
				CLANG_ANALYZER_NUMBER_OBJECT_CONVERSION = YES_AGGRESSIVE;
				CLANG_CXX_LANGUAGE_STANDARD = "gnu++17";
				CLANG_ENABLE_MODULES = YES;
				CLANG_ENABLE_OBJC_ARC = YES;
				CLANG_ENABLE_OBJC_WEAK = YES;
				CLANG_WARN_BLOCK_CAPTURE_AUTORELEASING = YES;
				CLANG_WARN_BOOL_CONVERSION = YES;
				CLANG_WARN_COMMA = YES;
				CLANG_WARN_CONSTANT_CONVERSION = YES;
				CLANG_WARN_DEPRECATED_OBJC_IMPLEMENTATIONS = YES;
				CLANG_WARN_DIRECT_OBJC_ISA_USAGE = YES_ERROR;
				CLANG_WARN_DOCUMENTATION_COMMENTS = YES;
				CLANG_WARN_EMPTY_BODY = YES;
				CLANG_WARN_ENUM_CONVERSION = YES;
				CLANG_WARN_INFINITE_RECURSION = YES;
				CLANG_WARN_INT_CONVERSION = YES;
				CLANG_WARN_NON_LITERAL_NULL_CONVERSION = YES;
				CLANG_WARN_OBJC_IMPLICIT_RETAIN_SELF = YES;
				CLANG_WARN_OBJC_LITERAL_CONVERSION = YES;
				CLANG_WARN_OBJC_ROOT_CLASS = YES_ERROR;
				CLANG_WARN_QUOTED_INCLUDE_IN_FRAMEWORK_HEADER = YES;
				CLANG_WARN_RANGE_LOOP_ANALYSIS = YES;
				CLANG_WARN_STRICT_PROTOTYPES = YES;
				CLANG_WARN_SUSPICIOUS_MOVE = YES;
				CLANG_WARN_UNGUARDED_AVAILABILITY = YES_AGGRESSIVE;
				CLANG_WARN_UNREACHABLE_CODE = YES;
				CLANG_WARN__DUPLICATE_METHOD_MATCH = YES;
				COPY_PHASE_STRIP = NO;
				DEBUG_INFORMATION_FORMAT = "dwarf-with-dsym";
				ENABLE_NS_ASSERTIONS = NO;
				ENABLE_STRICT_OBJC_MSGSEND = YES;
				GCC_C_LANGUAGE_STANDARD = gnu11;
				GCC_NO_COMMON_BLOCKS = YES;
				GCC_WARN_64_TO_32_BIT_CONVERSION = YES;
				GCC_WARN_ABOUT_RETURN_TYPE = YES_ERROR;
				GCC_WARN_UNDECLARED_SELECTOR = YES;
				GCC_WARN_UNINITIALIZED_AUTOS = YES_AGGRESSIVE;
				GCC_WARN_UNUSED_FUNCTION = YES;
				GCC_WARN_UNUSED_VARIABLE = YES;
				IPHONEOS_DEPLOYMENT_TARGET = 15.5;
				MTL_ENABLE_DEBUG_INFO = NO;
				MTL_FAST_MATH = YES;
				SDKROOT = iphoneos;
				SWIFT_COMPILATION_MODE = wholemodule;
				SWIFT_OPTIMIZATION_LEVEL = "-O";
				VALIDATE_PRODUCT = YES;
			};
			name = Release;
		};
		DC8A187F2876D33A00009640 /* Debug */ = {
			isa = XCBuildConfiguration;
			baseConfigurationReference = 4C84D0D88EAC3843D78B6AE9 /* Pods-WeatherAccu.debug.xcconfig */;
			buildSettings = {
				ASSETCATALOG_COMPILER_APPICON_NAME = AppIcon;
				ASSETCATALOG_COMPILER_GLOBAL_ACCENT_COLOR_NAME = AccentColor;
				CODE_SIGN_STYLE = Automatic;
				CURRENT_PROJECT_VERSION = 1;
				DEVELOPMENT_TEAM = 39SC9SG5G4;
				GENERATE_INFOPLIST_FILE = YES;
				INFOPLIST_FILE = WeatherAccu/Info.plist;
				INFOPLIST_KEY_UIApplicationSupportsIndirectInputEvents = YES;
				INFOPLIST_KEY_UILaunchStoryboardName = LaunchScreen;
				INFOPLIST_KEY_UIMainStoryboardFile = Main;
				INFOPLIST_KEY_UISupportedInterfaceOrientations_iPad = "UIInterfaceOrientationPortrait UIInterfaceOrientationPortraitUpsideDown UIInterfaceOrientationLandscapeLeft UIInterfaceOrientationLandscapeRight";
				INFOPLIST_KEY_UISupportedInterfaceOrientations_iPhone = "UIInterfaceOrientationPortrait UIInterfaceOrientationLandscapeLeft UIInterfaceOrientationLandscapeRight";
				LD_RUNPATH_SEARCH_PATHS = (
					"$(inherited)",
					"@executable_path/Frameworks",
				);
				MARKETING_VERSION = 1.0;
				PRODUCT_BUNDLE_IDENTIFIER = com.weatheraccu.com.WeatherAccu;
				PRODUCT_NAME = "$(TARGET_NAME)";
				SWIFT_EMIT_LOC_STRINGS = YES;
				SWIFT_VERSION = 5.0;
				TARGETED_DEVICE_FAMILY = "1,2";
			};
			name = Debug;
		};
		DC8A18802876D33A00009640 /* Release */ = {
			isa = XCBuildConfiguration;
			baseConfigurationReference = 016AA7D280A49E08E438C7E8 /* Pods-WeatherAccu.release.xcconfig */;
			buildSettings = {
				ASSETCATALOG_COMPILER_APPICON_NAME = AppIcon;
				ASSETCATALOG_COMPILER_GLOBAL_ACCENT_COLOR_NAME = AccentColor;
				CODE_SIGN_STYLE = Automatic;
				CURRENT_PROJECT_VERSION = 1;
				DEVELOPMENT_TEAM = 39SC9SG5G4;
				GENERATE_INFOPLIST_FILE = YES;
				INFOPLIST_FILE = WeatherAccu/Info.plist;
				INFOPLIST_KEY_UIApplicationSupportsIndirectInputEvents = YES;
				INFOPLIST_KEY_UILaunchStoryboardName = LaunchScreen;
				INFOPLIST_KEY_UIMainStoryboardFile = Main;
				INFOPLIST_KEY_UISupportedInterfaceOrientations_iPad = "UIInterfaceOrientationPortrait UIInterfaceOrientationPortraitUpsideDown UIInterfaceOrientationLandscapeLeft UIInterfaceOrientationLandscapeRight";
				INFOPLIST_KEY_UISupportedInterfaceOrientations_iPhone = "UIInterfaceOrientationPortrait UIInterfaceOrientationLandscapeLeft UIInterfaceOrientationLandscapeRight";
				LD_RUNPATH_SEARCH_PATHS = (
					"$(inherited)",
					"@executable_path/Frameworks",
				);
				MARKETING_VERSION = 1.0;
				PRODUCT_BUNDLE_IDENTIFIER = com.weatheraccu.com.WeatherAccu;
				PRODUCT_NAME = "$(TARGET_NAME)";
				SWIFT_EMIT_LOC_STRINGS = YES;
				SWIFT_VERSION = 5.0;
				TARGETED_DEVICE_FAMILY = "1,2";
			};
			name = Release;
		};
/* End XCBuildConfiguration section */

/* Begin XCConfigurationList section */
		DC8A18652876D33400009640 /* Build configuration list for PBXProject "WeatherAccu" */ = {
			isa = XCConfigurationList;
			buildConfigurations = (
				DC8A187C2876D33A00009640 /* Debug */,
				DC8A187D2876D33A00009640 /* Release */,
			);
			defaultConfigurationIsVisible = 0;
			defaultConfigurationName = Release;
		};
		DC8A187E2876D33A00009640 /* Build configuration list for PBXNativeTarget "WeatherAccu" */ = {
			isa = XCConfigurationList;
			buildConfigurations = (
				DC8A187F2876D33A00009640 /* Debug */,
				DC8A18802876D33A00009640 /* Release */,
			);
			defaultConfigurationIsVisible = 0;
			defaultConfigurationName = Release;
		};
/* End XCConfigurationList section */
	};
	rootObject = DC8A18622876D33400009640 /* Project object */;
}
